
Microsoft Visual Studio Solution File, Format Version 12.00
# Visual Studio Version 16
VisualStudioVersion = 16.0.31410.357
MinimumVisualStudioVersion = 10.0.40219.1
Project("{FAE04EC0-301F-11D3-BF4B-00C04F79EFBC}") = "Curso", "Curso.csproj", "{8C46B134-728B-47DC-95F8-75A5422AF88E}"
EndProject
Global
	GlobalSection(SolutionConfigurationPlatforms) = preSolution
		Debug|Any CPU = Debug|Any CPU
		Release|Any CPU = Release|Any CPU
	EndGlobalSection
	GlobalSection(ProjectConfigurationPlatforms) = postSolution
		{8C46B134-728B-47DC-95F8-75A5422AF88E}.Debug|Any CPU.ActiveCfg = Debug|Any CPU
		{8C46B134-728B-47DC-95F8-75A5422AF88E}.Debug|Any CPU.Build.0 = Debug|Any CPU
		{8C46B134-728B-47DC-95F8-75A5422AF88E}.Release|Any CPU.ActiveCfg = Release|Any CPU
		{8C46B134-728B-47DC-95F8-75A5422AF88E}.Release|Any CPU.Build.0 = Release|Any CPU
	EndGlobalSection
	GlobalSection(SolutionProperties) = preSolution
		HideSolutionNode = FALSE
	EndGlobalSection
	GlobalSection(ExtensibilityGlobals) = postSolution
		SolutionGuid = {CD26E60A-5358-46B1-8F13-24406508154B}
	EndGlobalSection
EndGlobal
